// !$*UTF8*$!
{
	archiveVersion = 1;
	classes = {
	};
	objectVersion = 46;
	objects = {

/* Begin PBXBuildFile section */
		FA7105A11D6FD27E002DB12A /* AppDelegate.swift in Sources */ = {isa = PBXBuildFile; fileRef = FA7105A01D6FD27E002DB12A /* AppDelegate.swift */; };
		FA7105A61D6FD27E002DB12A /* Main.storyboard in Resources */ = {isa = PBXBuildFile; fileRef = FA7105A41D6FD27E002DB12A /* Main.storyboard */; };
		FA7105A81D6FD27E002DB12A /* Assets.xcassets in Resources */ = {isa = PBXBuildFile; fileRef = FA7105A71D6FD27E002DB12A /* Assets.xcassets */; };
		FA7105AB1D6FD27F002DB12A /* LaunchScreen.storyboard in Resources */ = {isa = PBXBuildFile; fileRef = FA7105A91D6FD27F002DB12A /* LaunchScreen.storyboard */; };
		FA7105B31D6FDD0A002DB12A /* TipCalculatorViewController.swift in Sources */ = {isa = PBXBuildFile; fileRef = FA7105B21D6FDD0A002DB12A /* TipCalculatorViewController.swift */; };
		FA7105B51D6FE003002DB12A /* TipCalc.swift in Sources */ = {isa = PBXBuildFile; fileRef = FA7105B41D6FE003002DB12A /* TipCalc.swift */; };
/* End PBXBuildFile section */

/* Begin PBXFileReference section */
		FA71059D1D6FD27E002DB12A /* Tipping Calculator.app */ = {isa = PBXFileReference; explicitFileType = wrapper.application; includeInIndex = 0; path = "Tipping Calculator.app"; sourceTree = BUILT_PRODUCTS_DIR; };
		FA7105A01D6FD27E002DB12A /* AppDelegate.swift */ = {isa = PBXFileReference; lastKnownFileType = sourcecode.swift; path = AppDelegate.swift; sourceTree = "<group>"; };
		FA7105A51D6FD27E002DB12A /* Base */ = {isa = PBXFileReference; lastKnownFileType = file.storyboard; name = Base; path = Base.lproj/Main.storyboard; sourceTree = "<group>"; };
		FA7105A71D6FD27E002DB12A /* Assets.xcassets */ = {isa = PBXFileReference; lastKnownFileType = folder.assetcatalog; path = Assets.xcassets; sourceTree = "<group>"; };
		FA7105AA1D6FD27F002DB12A /* Base */ = {isa = PBXFileReference; lastKnownFileType = file.storyboard; name = Base; path = Base.lproj/LaunchScreen.storyboard; sourceTree = "<group>"; };
		FA7105AC1D6FD27F002DB12A /* Info.plist */ = {isa = PBXFileReference; lastKnownFileType = text.plist.xml; path = Info.plist; sourceTree = "<group>"; };
		FA7105B21D6FDD0A002DB12A /* TipCalculatorViewController.swift */ = {isa = PBXFileReference; fileEncoding = 4; lastKnownFileType = sourcecode.swift; path = TipCalculatorViewController.swift; sourceTree = "<group>"; };
		FA7105B41D6FE003002DB12A /* TipCalc.swift */ = {isa = PBXFileReference; fileEncoding = 4; lastKnownFileType = sourcecode.swift; path = TipCalc.swift; sourceTree = "<group>"; };
/* End PBXFileReference section */

/* Begin PBXFrameworksBuildPhase section */
		FA71059A1D6FD27E002DB12A /* Frameworks */ = {
			isa = PBXFrameworksBuildPhase;
			buildActionMask = 2147483647;
			files = (
			);
			runOnlyForDeploymentPostprocessing = 0;
		};
/* End PBXFrameworksBuildPhase section */

/* Begin PBXGroup section */
		FA7105941D6FD27E002DB12A = {
			isa = PBXGroup;
			children = (
				FA71059F1D6FD27E002DB12A /* Tipping Calculator */,
				FA71059E1D6FD27E002DB12A /* Products */,
			);
			sourceTree = "<group>";
		};
		FA71059E1D6FD27E002DB12A /* Products */ = {
			isa = PBXGroup;
			children = (
				FA71059D1D6FD27E002DB12A /* Tipping Calculator.app */,
			);
			name = Products;
			sourceTree = "<group>";
		};
		FA71059F1D6FD27E002DB12A /* Tipping Calculator */ = {
			isa = PBXGroup;
			children = (
				FA7105A01D6FD27E002DB12A /* AppDelegate.swift */,
				FA7105B71D6FE035002DB12A /* ViewController */,
				FA7105B81D6FE03F002DB12A /* Model */,
				FA7105B61D6FE030002DB12A /* View */,
				FA7105A71D6FD27E002DB12A /* Assets.xcassets */,
				FA7105A91D6FD27F002DB12A /* LaunchScreen.storyboard */,
				FA7105AC1D6FD27F002DB12A /* Info.plist */,
			);
			path = "Tipping Calculator";
			sourceTree = "<group>";
		};
		FA7105B61D6FE030002DB12A /* View */ = {
			isa = PBXGroup;
			children = (
				FA7105A41D6FD27E002DB12A /* Main.storyboard */,
			);
			name = View;
			sourceTree = "<group>";
		};
		FA7105B71D6FE035002DB12A /* ViewController */ = {
			isa = PBXGroup;
			children = (
				FA7105B21D6FDD0A002DB12A /* TipCalculatorViewController.swift */,
			);
			name = ViewController;
			sourceTree = "<group>";
		};
		FA7105B81D6FE03F002DB12A /* Model */ = {
			isa = PBXGroup;
			children = (
				FA7105B41D6FE003002DB12A /* TipCalc.swift */,
			);
			name = Model;
			sourceTree = "<group>";
		};
/* End PBXGroup section */

/* Begin PBXNativeTarget section */
		FA71059C1D6FD27E002DB12A /* Tipping Calculator */ = {
			isa = PBXNativeTarget;
			buildConfigurationList = FA7105AF1D6FD27F002DB12A /* Build configuration list for PBXNativeTarget "Tipping Calculator" */;
			buildPhases = (
				FA7105991D6FD27E002DB12A /* Sources */,
				FA71059A1D6FD27E002DB12A /* Frameworks */,
				FA71059B1D6FD27E002DB12A /* Resources */,
			);
			buildRules = (
			);
			dependencies = (
			);
			name = "Tipping Calculator";
			productName = "Tipping Calculator";
			productReference = FA71059D1D6FD27E002DB12A /* Tipping Calculator.app */;
			productType = "com.apple.product-type.application";
		};
/* End PBXNativeTarget section */

/* Begin PBXProject section */
		FA7105951D6FD27E002DB12A /* Project object */ = {
			isa = PBXProject;
			attributes = {
				LastSwiftUpdateCheck = 0730;
				LastUpgradeCheck = 0730;
				ORGANIZATIONNAME = "Oleksandr Sofishchenko";
				TargetAttributes = {
					FA71059C1D6FD27E002DB12A = {
						CreatedOnToolsVersion = 7.3;
						DevelopmentTeam = DB9GCQYBHY;
					};
				};
			};
			buildConfigurationList = FA7105981D6FD27E002DB12A /* Build configuration list for PBXProject "Tipping Calculator" */;
			compatibilityVersion = "Xcode 3.2";
			developmentRegion = English;
			hasScannedForEncodings = 0;
			knownRegions = (
				en,
				Base,
			);
			mainGroup = FA7105941D6FD27E002DB12A;
			productRefGroup = FA71059E1D6FD27E002DB12A /* Products */;
			projectDirPath = "";
			projectRoot = "";
			targets = (
				FA71059C1D6FD27E002DB12A /* Tipping Calculator */,
			);
		};
/* End PBXProject section */

/* Begin PBXResourcesBuildPhase section */
		FA71059B1D6FD27E002DB12A /* Resources */ = {
			isa = PBXResourcesBuildPhase;
			buildActionMask = 2147483647;
			files = (
				FA7105AB1D6FD27F002DB12A /* LaunchScreen.storyboard in Resources */,
				FA7105A81D6FD27E002DB12A /* Assets.xcassets in Resources */,
				FA7105A61D6FD27E002DB12A /* Main.storyboard in Resources */,
			);
			runOnlyForDeploymentPostprocessing = 0;
		};
/* End PBXResourcesBuildPhase section */

/* Begin PBXSourcesBuildPhase section */
		FA7105991D6FD27E002DB12A /* Sources */ = {
			isa = PBXSourcesBuildPhase;
			buildActionMask = 2147483647;
			files = (
				FA7105B51D6FE003002DB12A /* TipCalc.swift in Sources */,
				FA7105B31D6FDD0A002DB12A /* TipCalculatorViewController.swift in Sources */,
				FA7105A11D6FD27E002DB12A /* AppDelegate.swift in Sources */,
			);
			runOnlyForDeploymentPostprocessing = 0;
		};
/* End PBXSourcesBuildPhase section */

/* Begin PBXVariantGroup section */
		FA7105A41D6FD27E002DB12A /* Main.storyboard */ = {
			isa = PBXVariantGroup;
			children = (
				FA7105A51D6FD27E002DB12A /* Base */,
			);
			name = Main.storyboard;
			sourceTree = "<group>";
		};
		FA7105A91D6FD27F002DB12A /* LaunchScreen.storyboard */ = {
			isa = PBXVariantGroup;
			children = (
				FA7105AA1D6FD27F002DB12A /* Base */,
			);
			name = LaunchScreen.storyboard;
			sourceTree = "<group>";
		};
/* End PBXVariantGroup section */

/* Begin XCBuildConfiguration section */
		FA7105AD1D6FD27F002DB12A /* Debug */ = {
			isa = XCBuildConfiguration;
			buildSettings = {
				ALWAYS_SEARCH_USER_PATHS = NO;
				CLANG_ANALYZER_NONNULL = YES;
				CLANG_CXX_LANGUAGE_STANDARD = "gnu++0x";
				CLANG_CXX_LIBRARY = "libc++";
				CLANG_ENABLE_MODULES = YES;
				CLANG_ENABLE_OBJC_ARC = YES;
				CLANG_WARN_BOOL_CONVERSION = YES;
				CLANG_WARN_CONSTANT_CONVERSION = YES;
				CLANG_WARN_DIRECT_OBJC_ISA_USAGE = YES_ERROR;
				CLANG_WARN_EMPTY_BODY = YES;
				CLANG_WARN_ENUM_CONVERSION = YES;
				CLANG_WARN_INT_CONVERSION = YES;
				CLANG_WARN_OBJC_ROOT_CLASS = YES_ERROR;
				CLANG_WARN_UNREACHABLE_CODE = YES;
				CLANG_WARN__DUPLICATE_METHOD_MATCH = YES;
				"CODE_SIGN_IDENTITY[sdk=iphoneos*]" = "iPhone Developer";
				COPY_PHASE_STRIP = NO;
				DEBUG_INFORMATION_FORMAT = dwarf;
				ENABLE_STRICT_OBJC_MSGSEND = YES;
				ENABLE_TESTABILITY = YES;
				GCC_C_LANGUAGE_STANDARD = gnu99;
				GCC_DYNAMIC_NO_PIC = NO;
				GCC_NO_COMMON_BLOCKS = YES;
				GCC_OPTIMIZATION_LEVEL = 0;
				GCC_PREPROCESSOR_DEFINITIONS = (
					"DEBUG=1",
					"$(inherited)",
				);
				GCC_WARN_64_TO_32_BIT_CONVERSION = YES;
				GCC_WARN_ABOUT_RETURN_TYPE = YES_ERROR;
				GCC_WARN_UNDECLARED_SELECTOR = YES;
				GCC_WARN_UNINITIALIZED_AUTOS = YES_AGGRESSIVE;
				GCC_WARN_UNUSED_FUNCTION = YES;
				GCC_WARN_UNUSED_VARIABLE = YES;
				IPHONEOS_DEPLOYMENT_TARGET = 9.3;
				MTL_ENABLE_DEBUG_INFO = YES;
				ONLY_ACTIVE_ARCH = YES;
				SDKROOT = iphoneos;
				SWIFT_OPTIMIZATION_LEVEL = "-Onone";
			};
			name = Debug;
		};
		FA7105AE1D6FD27F002DB12A /* Release */ = {
			isa = XCBuildConfiguration;
			buildSettings = {
				ALWAYS_SEARCH_USER_PATHS = NO;
				CLANG_ANALYZER_NONNULL = YES;
				CLANG_CXX_LANGUAGE_STANDARD = "gnu++0x";
				CLANG_CXX_LIBRARY = "libc++";
				CLANG_ENABLE_MODULES = YES;
				CLANG_ENABLE_OBJC_ARC = YES;
				CLANG_WARN_BOOL_CONVERSION = YES;
				CLANG_WARN_CONSTANT_CONVERSION = YES;
				CLANG_WARN_DIRECT_OBJC_ISA_USAGE = YES_ERROR;
				CLANG_WARN_EMPTY_BODY = YES;
				CLANG_WARN_ENUM_CONVERSION = YES;
				CLANG_WARN_INT_CONVERSION = YES;
				CLANG_WARN_OBJC_ROOT_CLASS = YES_ERROR;
				CLANG_WARN_UNREACHABLE_CODE = YES;
				CLANG_WARN__DUPLICATE_METHOD_MATCH = YES;
				"CODE_SIGN_IDENTITY[sdk=iphoneos*]" = "iPhone Developer";
				COPY_PHASE_STRIP = NO;
				DEBUG_INFORMATION_FORMAT = "dwarf-with-dsym";
				ENABLE_NS_ASSERTIONS = NO;
				ENABLE_STRICT_OBJC_MSGSEND = YES;
				GCC_C_LANGUAGE_STANDARD = gnu99;
				GCC_NO_COMMON_BLOCKS = YES;
				GCC_WARN_64_TO_32_BIT_CONVERSION = YES;
				GCC_WARN_ABOUT_RETURN_TYPE = YES_ERROR;
				GCC_WARN_UNDECLARED_SELECTOR = YES;
				GCC_WARN_UNINITIALIZED_AUTOS = YES_AGGRESSIVE;
				GCC_WARN_UNUSED_FUNCTION = YES;
				GCC_WARN_UNUSED_VARIABLE = YES;
				IPHONEOS_DEPLOYMENT_TARGET = 9.3;
				MTL_ENABLE_DEBUG_INFO = NO;
				SDKROOT = iphoneos;
				VALIDATE_PRODUCT = YES;
			};
			name = Release;
		};
		FA7105B01D6FD27F002DB12A /* Debug */ = {
			isa = XCBuildConfiguration;
			buildSettings = {
				ASSETCATALOG_COMPILER_APPICON_NAME = AppIcon;
				CODE_SIGN_IDENTITY = "iPhone Developer";
				"CODE_SIGN_IDENTITY[sdk=iphoneos*]" = "iPhone Developer";
				INFOPLIST_FILE = "Tipping Calculator/Info.plist";
				LD_RUNPATH_SEARCH_PATHS = "$(inherited) @executable_path/Frameworks";
				PRODUCT_BUNDLE_IDENTIFIER = "com.alex.Tipping-Calculator";
				PRODUCT_NAME = "$(TARGET_NAME)";
				PROVISIONING_PROFILE = "";
			};
			name = Debug;
		};
		FA7105B11D6FD27F002DB12A /* Release */ = {
			isa = XCBuildConfiguration;
			buildSettings = {
				ASSETCATALOG_COMPILER_APPICON_NAME = AppIcon;
				CODE_SIGN_IDENTITY = "iPhone Developer";
				"CODE_SIGN_IDENTITY[sdk=iphoneos*]" = "iPhone Developer";
				INFOPLIST_FILE = "Tipping Calculator/Info.plist";
				LD_RUNPATH_SEARCH_PATHS = "$(inherited) @executable_path/Frameworks";
				PRODUCT_BUNDLE_IDENTIFIER = "com.alex.Tipping-Calculator";
				PRODUCT_NAME = "$(TARGET_NAME)";
				PROVISIONING_PROFILE = "";
			};
			name = Release;
		};
/* End XCBuildConfiguration section */

/* Begin XCConfigurationList section */
		FA7105981D6FD27E002DB12A /* Build configuration list for PBXProject "Tipping Calculator" */ = {
			isa = XCConfigurationList;
			buildConfigurations = (
				FA7105AD1D6FD27F002DB12A /* Debug */,
				FA7105AE1D6FD27F002DB12A /* Release */,
			);
			defaultConfigurationIsVisible = 0;
			defaultConfigurationName = Release;
		};
		FA7105AF1D6FD27F002DB12A /* Build configuration list for PBXNativeTarget "Tipping Calculator" */ = {
			isa = XCConfigurationList;
			buildConfigurations = (
				FA7105B01D6FD27F002DB12A /* Debug */,
				FA7105B11D6FD27F002DB12A /* Release */,
			);
			defaultConfigurationIsVisible = 0;
			defaultConfigurationName = Release;
		};
/* End XCConfigurationList section */
	};
	rootObject = FA7105951D6FD27E002DB12A /* Project object */;
}
